PODS:
  - CJBaseUtil/CJDataUtil (0.5.1)
  - CQDemoKit (0.5.4):
    - CQDemoKit/BaseUIKit (= 0.5.4)
    - CQDemoKit/BaseUtil (= 0.5.4)
    - CQDemoKit/BaseVC (= 0.5.4)
    - CQDemoKit/Demo_Resource (= 0.5.4)
  - CQDemoKit/BaseUIKit (0.5.4):
    - Masonry
  - CQDemoKit/BaseUtil (0.5.4)
  - CQDemoKit/BaseVC (0.5.4):
    - CQDemoKit/BaseVC/Base (= 0.5.4)
    - CQDemoKit/BaseVC/Collection (= 0.5.4)
    - CQDemoKit/BaseVC/ScrollView (= 0.5.4)
    - CQDemoKit/BaseVC/TableView (= 0.5.4)
    - CQDemoKit/BaseVC/TextView (= 0.5.4)
  - CQDemoKit/BaseVC/Base (0.5.4):
    - Masonry
  - CQDemoKit/BaseVC/Collection (0.5.4):
    - CJBaseUtil/CJDataUtil
    - CQDemoKit/BaseVC/Base
  - CQDemoKit/BaseVC/ScrollView (0.5.4):
    - CQDemoKit/BaseVC/Base
  - CQDemoKit/BaseVC/TableView (0.5.4):
    - CJBaseUtil/CJDataUtil
    - CQDemoKit/BaseVC/Base
  - CQDemoKit/BaseVC/TextView (0.5.4):
    - CJBaseUtil/CJDataUtil
    - CQDemoKit/BaseUtil
    - CQDemoKit/BaseVC/Base
  - CQDemoKit/Demo_Resource (0.5.4)
  - Masonry (1.1.0)
  - TSDemo_Demo (0.5.0):
    - CQDemoKit

DEPENDENCIES:
  - CQDemoKit (from `../`)
  - TSDemo_Demo (from `../`)

SPEC REPOS:
  https://github.com/CocoaPods/Specs.git:
    - CJBaseUtil
    - Masonry

EXTERNAL SOURCES:
  CQDemoKit:
    :path: "../"
  TSDemo_Demo:
    :path: "../"

SPEC CHECKSUMS:
  CJBaseUtil: 1bbf8d5f831dc12ae4bb06c8b5326bd39f3522e1
  CQDemoKit: 232a9fdfc68ab2dba64a786167a49db75789222c
  Masonry: 678fab65091a9290e40e2832a55e7ab731aad201
  TSDemo_Demo: 564c2e8c3e7eaa95723cd076f3a5d5592fe50e9b

PODFILE CHECKSUM: aa3ee9f089fe7253485c52a537f0744cabc9be5c

COCOAPODS: 1.9.3
