PODS:
  - CJBaseHelper/HookCJHelper (0.1.7)
  - CJBaseHelper/UIViewControllerCJHelper (0.1.7)
  - CQDemoKit (0.7.4):
    - CQDemoKit/Auxiliary (= 0.7.4)
    - CQDemoKit/BaseUIKit (= 0.7.4)
    - CQDemoKit/BaseUtil (= 0.7.4)
    - CQDemoKit/BaseVC (= 0.7.4)
    - CQDemoKit/Demo_DataSourceAndDelegate (= 0.7.4)
    - CQDemoKit/Demo_Resource (= 0.7.4)
    - CQDemoKit/Demo_RipeView (= 0.7.4)
    - CQDemoKit/Helper (= 0.7.4)
    - CQDemoKit/Monitor (= 0.7.4)
  - CQDemoKit-Swift (0.0.1):
    - CQDemoKit
    - CQDemoKit-Swift/CQDemoKit-OC (= 0.0.1)
    - CQDemoKit-Swift/SwiftUI (= 0.0.1)
  - CQDemoKit-Swift/CQDemoKit-OC (0.0.1):
    - CQDemoKit
  - CQDemoKit-Swift/SwiftUI (0.0.1):
    - CQDemoKit
  - CQDemoKit/Auxiliary (0.7.4):
    - CQDemoShareFramework-Swift/WidgetExtension
    - Masonry
  - CQDemoKit/BaseUIKit (0.7.4):
    - Masonry
  - CQDemoKit/BaseUtil (0.7.4)
  - CQDemoKit/BaseVC (0.7.4):
    - CQDemoKit/BaseVC/Base (= 0.7.4)
    - CQDemoKit/BaseVC/Collection (= 0.7.4)
    - CQDemoKit/BaseVC/ScrollView (= 0.7.4)
    - CQDemoKit/BaseVC/TabBar (= 0.7.4)
    - CQDemoKit/BaseVC/TableView (= 0.7.4)
    - CQDemoKit/BaseVC/TextView (= 0.7.4)
    - CQDemoKit/Helper
  - CQDemoKit/BaseVC/Base (0.7.4):
    - CQDemoKit/BaseUIKit
    - CQDemoKit/Helper
    - Masonry
  - CQDemoKit/BaseVC/Collection (0.7.4):
    - CQDemoKit/BaseVC/Base
    - CQDemoKit/Helper
  - CQDemoKit/BaseVC/ScrollView (0.7.4):
    - CQDemoKit/BaseVC/Base
    - CQDemoKit/Helper
  - CQDemoKit/BaseVC/TabBar (0.7.4):
    - CQDemoKit/Helper
  - CQDemoKit/BaseVC/TableView (0.7.4):
    - CQDemoKit/BaseVC/Base
    - CQDemoKit/Helper
  - CQDemoKit/BaseVC/TextView (0.7.4):
    - CQDemoKit/BaseUtil
    - CQDemoKit/BaseVC/Base
    - CQDemoKit/Helper
  - CQDemoKit/Demo_DataSourceAndDelegate (0.7.4):
    - CQDemoKit/BaseVC
    - CQDemoKit/Demo_Resource
  - CQDemoKit/Demo_Resource (0.7.4):
    - CQDemoKit/BaseUIKit
    - CQDemoKit/Helper
  - CQDemoKit/Demo_RipeView (0.7.4):
    - CQDemoKit/BaseUIKit
    - CQDemoKit/BaseUtil
    - CQDemoKit/Demo_DataSourceAndDelegate
    - CQDemoKit/Demo_Resource
  - CQDemoKit/Helper (0.7.4)
  - CQDemoKit/Monitor (0.7.4)
  - CQDemoShareFramework-Swift/WidgetExtension (0.0.1)
  - FBRetainCycleDetector (0.1.4)
  - Masonry (1.1.0)
  - MLeaksFinder (1.0.0):
    - FBRetainCycleDetector
  - SSZipArchive (2.4.3)
  - SwiftExtraCJHelper (0.1.2):
    - SwiftExtraCJHelper/Base (= 0.1.2)
  - SwiftExtraCJHelper/Base (0.1.2)
  - TSDemo_Demo (0.5.2):
    - CQDemoKit
    - SSZipArchive
    - SwiftExtraCJHelper
    - TSDemo_Demo-Swift
  - TSDemo_Demo-Swift (0.0.1):
    - TSDemo_Demo-Swift/SwiftUI (= 0.0.1)
  - TSDemo_Demo-Swift/SwiftUI (0.0.1):
    - CQDemoKit-Swift

DEPENDENCIES:
  - CJBaseHelper/HookCJHelper (~> 0.1.7)
  - CJBaseHelper/UIViewControllerCJHelper (~> 0.1.7)
  - CQDemoKit (from `../`)
  - CQDemoKit-Swift (from `../`)
  - CQDemoShareFramework-Swift/WidgetExtension (from `../`)
  - MLeaksFinder
  - TSDemo_Demo (from `../`)
  - TSDemo_Demo-Swift (from `../`)

SPEC REPOS:
  trunk:
    - CJBaseHelper
    - FBRetainCycleDetector
    - Masonry
    - MLeaksFinder
    - SSZipArchive
    - SwiftExtraCJHelper

EXTERNAL SOURCES:
  CQDemoKit:
    :path: "../"
  CQDemoKit-Swift:
    :path: "../"
  CQDemoShareFramework-Swift:
    :path: "../"
  TSDemo_Demo:
    :path: "../"
  TSDemo_Demo-Swift:
    :path: "../"

SPEC CHECKSUMS:
  CJBaseHelper: 71c9d695c76736b2fc66123157d5626da4556177
  CQDemoKit: 15667d15bfeccbbd4174b90a94e7bb1b637451c7
  CQDemoKit-Swift: 28d06bf24cbcc84c9651e0ffe607bffdd57863b6
  CQDemoShareFramework-Swift: acab164277cddb79177ce015b6e87a835cfe3ce1
  FBRetainCycleDetector: 46f8179bbb1c587deee3ea838a1a3ee02acf5015
  Masonry: 678fab65091a9290e40e2832a55e7ab731aad201
  MLeaksFinder: 8c435bd2f6d070af18cff082b503b21adc130fc0
  SSZipArchive: fe6a26b2a54d5a0890f2567b5cc6de5caa600aef
  SwiftExtraCJHelper: ec1ec1fc172a06de1ae1e7230dd958d1a873bfcb
  TSDemo_Demo: abd48acf8b0076da5c2a7aaf0e1f2977f4112333
  TSDemo_Demo-Swift: 82f7335871f39a0543ef8190d8bb46ddaff57417

PODFILE CHECKSUM: 7f176ed5bfa75e243560080158e6c3f546adfcf0

COCOAPODS: 1.16.2
