PODS:
  - CQDemoKit (0.6.0):
    - CQDemoKit/BaseUIKit (= 0.6.0)
    - CQDemoKit/BaseUtil (= 0.6.0)
    - CQDemoKit/BaseVC (= 0.6.0)
    - CQDemoKit/Demo_Resource (= 0.6.0)
    - CQDemoKit/Demo_RipeView (= 0.6.0)
  - CQDemoKit/BaseUIKit (0.6.0):
    - Masonry
  - CQDemoKit/BaseUtil (0.6.0)
  - CQDemoKit/BaseVC (0.6.0):
    - CQDemoKit/BaseVC/Base (= 0.6.0)
    - CQDemoKit/BaseVC/Collection (= 0.6.0)
    - CQDemoKit/BaseVC/ScrollView (= 0.6.0)
    - CQDemoKit/BaseVC/TabBar (= 0.6.0)
    - CQDemoKit/BaseVC/TableView (= 0.6.0)
    - CQDemoKit/BaseVC/TextView (= 0.6.0)
  - CQDemoKit/BaseVC/Base (0.6.0):
    - Masonry
  - CQDemoKit/BaseVC/Collection (0.6.0):
    - CQDemoKit/BaseVC/Base
  - CQDemoKit/BaseVC/ScrollView (0.6.0):
    - CQDemoKit/BaseVC/Base
  - CQDemoKit/BaseVC/TabBar (0.6.0)
  - CQDemoKit/BaseVC/TableView (0.6.0):
    - CQDemoKit/BaseVC/Base
  - CQDemoKit/BaseVC/TextView (0.6.0):
    - CQDemoKit/BaseUtil
    - CQDemoKit/BaseVC/Base
  - CQDemoKit/Demo_Resource (0.6.0)
  - CQDemoKit/Demo_RipeView (0.6.0):
    - CQDemoKit/BaseUIKit
    - CQDemoKit/BaseUtil
  - Masonry (1.1.0)
  - TSDemo_Demo (0.5.2):
    - CQDemoKit

DEPENDENCIES:
  - CQDemoKit (from `../`)
  - TSDemo_Demo (from `../`)

SPEC REPOS:
  https://github.com/CocoaPods/Specs.git:
    - Masonry

EXTERNAL SOURCES:
  CQDemoKit:
    :path: "../"
  TSDemo_Demo:
    :path: "../"

SPEC CHECKSUMS:
  CQDemoKit: 1e6985dd1d0aa10baf03b21d7430e9eb7dabbe8f
  Masonry: 678fab65091a9290e40e2832a55e7ab731aad201
  TSDemo_Demo: 7661dd69a6a8904171a2d0ed5c52556f4b91ddad

PODFILE CHECKSUM: 6dc306c5242a4ae5efa57f86362ba3cd843c0087

COCOAPODS: 1.10.0
